{
  "nodes": {
    "nixpkgs": {
      "locked": {
        "lastModified": 1623704699,
        "narHash": "sha256-72dHeRZ44cXsq3wgknOgXrfzR6bXIAtKC4nNsTCaSJI=",
        "owner": "nixos",
        "repo": "nixpkgs",
        "rev": "8db24dec5368ef35657bbca14f0a3baaeefb0f88",
        "type": "github"
      },
      "original": {
        "owner": "nixos",
        "ref": "release-21.05",
        "repo": "nixpkgs",
        "type": "github"
      }
    },
    "numo": {
      "inputs": {
        "nixpkgs": [
          "nixpkgs"
        ]
      },
      "locked": {
        "lastModified": 1623729049,
        "narHash": "sha256-E0ANgt4HGX9uufACr5lqA8by4T+txrrtTJJ6wPPFrIQ=",
        "ref": "lambda-build",
        "rev": "9100f712896a9212f12561e0bd919c55b00b111a",
        "revCount": 9,
        "type": "git",
        "url": "ssh://git@github.com/numo-core/nix"
      },
      "original": {
        "ref": "lambda-build",
        "rev": "9100f712896a9212f12561e0bd919c55b00b111a",
        "type": "git",
        "url": "ssh://git@github.com/numo-core/nix"
      }
    },
    "root": {
      "inputs": {
        "nixpkgs": "nixpkgs",
        "numo": "numo"
      }
    }
  },
  "root": "root",
  "version": 7
}
