{
  "nodes": {
    "nixpkgs": {
      "locked": {
        "lastModified": 1623704699,
        "narHash": "sha256-72dHeRZ44cXsq3wgknOgXrfzR6bXIAtKC4nNsTCaSJI=",
        "owner": "nixos",
        "repo": "nixpkgs",
        "rev": "8db24dec5368ef35657bbca14f0a3baaeefb0f88",
        "type": "github"
      },
      "original": {
        "owner": "nixos",
        "ref": "release-21.05",
        "repo": "nixpkgs",
        "type": "github"
      }
    },
    "nixpkgs_2": {
      "locked": {
        "lastModified": 1623762166,
        "narHash": "sha256-/lwiwcgZIOue5sAi3hTNCLjWGnM/g5h2IzuViOhw4us=",
        "owner": "nixos",
        "repo": "nixpkgs",
        "rev": "856dc82a7fe625692a59b5f7f443029678841bd7",
        "type": "github"
      },
      "original": {
        "owner": "nixos",
        "ref": "release-21.05",
        "repo": "nixpkgs",
        "type": "github"
      }
    },
    "numo": {
      "inputs": {
        "nixpkgs": "nixpkgs_2",
        "utils": "utils"
      },
      "locked": {
        "lastModified": 1623764709,
        "narHash": "sha256-4dPJI7P7vcEQ7ZaEJMopPxAdLgKL7Zo8Kr57g8LTRq0=",
        "ref": "lambda-build",
        "rev": "3dcc044265032b3efeae2e954579d9ea9756aa34",
        "revCount": 11,
        "type": "git",
        "url": "ssh://git@github.com/numo-core/nix"
      },
      "original": {
        "ref": "lambda-build",
        "rev": "3dcc044265032b3efeae2e954579d9ea9756aa34",
        "type": "git",
        "url": "ssh://git@github.com/numo-core/nix"
      }
    },
    "root": {
      "inputs": {
        "nixpkgs": "nixpkgs",
        "numo": "numo",
        "utils": "utils_2"
      }
    },
    "utils": {
      "locked": {
        "lastModified": 1623660459,
        "narHash": "sha256-OTmOsh43po7r5F9s9H6lVCBQ2b0FikWbmiwLbMAGRdw=",
        "owner": "numtide",
        "repo": "flake-utils",
        "rev": "98c8d36b1828009b20f12544214683c7489935a1",
        "type": "github"
      },
      "original": {
        "owner": "numtide",
        "repo": "flake-utils",
        "type": "github"
      }
    },
    "utils_2": {
      "locked": {
        "lastModified": 1623660459,
        "narHash": "sha256-OTmOsh43po7r5F9s9H6lVCBQ2b0FikWbmiwLbMAGRdw=",
        "owner": "numtide",
        "repo": "flake-utils",
        "rev": "98c8d36b1828009b20f12544214683c7489935a1",
        "type": "github"
      },
      "original": {
        "owner": "numtide",
        "repo": "flake-utils",
        "type": "github"
      }
    }
  },
  "root": "root",
  "version": 7
}
